
Microsoft Visual Studio Solution File, Format Version 12.00
# Visual Studio Version 17
VisualStudioVersion = 17.13.35931.197
MinimumVisualStudioVersion = 10.0.40219.1
Project("{2150E333-8FDC-42A3-9474-1A3956D46DE8}") = "Services", "Services", "{02EA681E-C7D8-13C7-8484-4AC65E1B71E8}"
EndProject
Project("{2150E333-8FDC-42A3-9474-1A3956D46DE8}") = "Catalog", "Catalog", "{519F2728-7091-4424-B509-50AE954024F8}"
EndProject
Project("{FAE04EC0-301F-11D3-BF4B-00C04F79EFBC}") = "MultiShop.Catalog", "Services\Catalog\MultiShop.Catalog\MultiShop.Catalog.csproj", "{9B634F95-9EA1-4AC4-9122-FD1B9DDFFE8C}"
EndProject
Project("{2150E333-8FDC-42A3-9474-1A3956D46DE8}") = "Discount", "Discount", "{69B64D2D-1D8A-46EE-B0D3-049149C5F492}"
EndProject
Project("{FAE04EC0-301F-11D3-BF4B-00C04F79EFBC}") = "MultiShop.Discount", "Discount\MultiShop.Discount\MultiShop.Discount.csproj", "{68E6B9FC-79F9-48BD-89C9-FB208DEA0BFD}"
EndProject
Project("{2150E333-8FDC-42A3-9474-1A3956D46DE8}") = "Order", "Order", "{30799E64-681C-4FB8-921E-434E64EDA9D8}"
EndProject
Project("{2150E333-8FDC-42A3-9474-1A3956D46DE8}") = "Core", "Core", "{AD743E1C-5387-452C-8DC9-DACE1B7D72BF}"
EndProject
Project("{2150E333-8FDC-42A3-9474-1A3956D46DE8}") = "Infrastructure", "Infrastructure", "{F70EB503-7937-4563-AE66-F351F9102767}"
EndProject
Project("{2150E333-8FDC-42A3-9474-1A3956D46DE8}") = "Presentation", "Presentation", "{463C2CD2-B064-4E85-A0F5-58E80489AC1A}"
EndProject
Project("{FAE04EC0-301F-11D3-BF4B-00C04F79EFBC}") = "MultiShop.Order.Domain", "Services\Order\Core\MultiShop.Order.Domain\MultiShop.Order.Domain.csproj", "{20B4D874-BFE2-407E-9916-741690E392F4}"
EndProject
Project("{FAE04EC0-301F-11D3-BF4B-00C04F79EFBC}") = "MultiShop.Order.Application", "Services\Order\Core\MultiShop.Order.Application\MultiShop.Order.Application.csproj", "{728028C9-1A01-4057-8B9D-131A8F779B56}"
EndProject
Project("{FAE04EC0-301F-11D3-BF4B-00C04F79EFBC}") = "MultiShop.Order.Persistence", "Services\Order\Infrastructure\MultiShop.Order.Persistence\MultiShop.Order.Persistence.csproj", "{1A060C1C-9910-42E8-8B82-F08A608E6F54}"
EndProject
Project("{FAE04EC0-301F-11D3-BF4B-00C04F79EFBC}") = "MultiShop.Order.WebApi", "Services\Order\Presentation\MultiShop.Order.WebApi\MultiShop.Order.WebApi.csproj", "{AC4127FD-1156-4F62-AE1E-49E860189C92}"
EndProject
Project("{2150E333-8FDC-42A3-9474-1A3956D46DE8}") = "IdentityServer", "IdentityServer", "{1C65FB73-8A97-4D84-B775-368C9CBDC27F}"
EndProject
Project("{FAE04EC0-301F-11D3-BF4B-00C04F79EFBC}") = "MultiShop.IdentityServer", "IdentityServer\MultiShop.IdentityServer\MultiShop.IdentityServer.csproj", "{EA14094F-FB55-5ABC-1402-B4229C4AD0B1}"
EndProject
Project("{2150E333-8FDC-42A3-9474-1A3956D46DE8}") = "Cargo", "Cargo", "{A97FDB6C-687D-4387-BDA5-801F1D782B15}"
EndProject
Project("{FAE04EC0-301F-11D3-BF4B-00C04F79EFBC}") = "MultiShop.Cargo.BusinessLayer", "Services\Cargo\MultiShop.Cargo.BusinessLayer\MultiShop.Cargo.BusinessLayer.csproj", "{20B566C1-342F-43AE-9124-B4E6BF359E04}"
EndProject
Project("{FAE04EC0-301F-11D3-BF4B-00C04F79EFBC}") = "MultiShop.Cargo.EntityLayer", "Services\Cargo\MultiShop.Cargo.EntityLayer\MultiShop.Cargo.EntityLayer.csproj", "{F66ADF7F-F845-46B4-A90C-065B5732FFBF}"
EndProject
Project("{FAE04EC0-301F-11D3-BF4B-00C04F79EFBC}") = "MultiShop.Cargo.DataAccessLayer", "Services\Cargo\MultiShop.Cargo.DataAccessLayer\MultiShop.Cargo.DataAccessLayer.csproj", "{15EAD515-19F2-4E85-8ED4-F8C2ADC6215A}"
EndProject
Project("{FAE04EC0-301F-11D3-BF4B-00C04F79EFBC}") = "MultiShop.Cargo.DtoLayer", "Services\Cargo\MultiShop.Cargo.DtoLayer\MultiShop.Cargo.DtoLayer.csproj", "{2A1D8DA6-F839-4B23-953A-C9EA965AB4BF}"
EndProject
Project("{FAE04EC0-301F-11D3-BF4B-00C04F79EFBC}") = "MultiShop.Cargo.WebApi", "Services\Cargo\MultiShop.Cargo.WebApi\MultiShop.Cargo.WebApi.csproj", "{A0A51C33-85B5-450F-AEA0-0EAA0BBC8D19}"
EndProject
Project("{2150E333-8FDC-42A3-9474-1A3956D46DE8}") = "Requirments", "Requirments", "{17E6C027-EBDD-4BF0-B6B9-2EBB0A02CFF5}"
	ProjectSection(SolutionItems) = preProject
		portNumbers.txt = portNumbers.txt
	EndProjectSection
EndProject
Global
	GlobalSection(SolutionConfigurationPlatforms) = preSolution
		Debug|Any CPU = Debug|Any CPU
		Release|Any CPU = Release|Any CPU
	EndGlobalSection
	GlobalSection(ProjectConfigurationPlatforms) = postSolution
		{9B634F95-9EA1-4AC4-9122-FD1B9DDFFE8C}.Debug|Any CPU.ActiveCfg = Debug|Any CPU
		{9B634F95-9EA1-4AC4-9122-FD1B9DDFFE8C}.Debug|Any CPU.Build.0 = Debug|Any CPU
		{9B634F95-9EA1-4AC4-9122-FD1B9DDFFE8C}.Release|Any CPU.ActiveCfg = Release|Any CPU
		{9B634F95-9EA1-4AC4-9122-FD1B9DDFFE8C}.Release|Any CPU.Build.0 = Release|Any CPU
		{68E6B9FC-79F9-48BD-89C9-FB208DEA0BFD}.Debug|Any CPU.ActiveCfg = Debug|Any CPU
		{68E6B9FC-79F9-48BD-89C9-FB208DEA0BFD}.Debug|Any CPU.Build.0 = Debug|Any CPU
		{68E6B9FC-79F9-48BD-89C9-FB208DEA0BFD}.Release|Any CPU.ActiveCfg = Release|Any CPU
		{68E6B9FC-79F9-48BD-89C9-FB208DEA0BFD}.Release|Any CPU.Build.0 = Release|Any CPU
		{20B4D874-BFE2-407E-9916-741690E392F4}.Debug|Any CPU.ActiveCfg = Debug|Any CPU
		{20B4D874-BFE2-407E-9916-741690E392F4}.Debug|Any CPU.Build.0 = Debug|Any CPU
		{20B4D874-BFE2-407E-9916-741690E392F4}.Release|Any CPU.ActiveCfg = Release|Any CPU
		{20B4D874-BFE2-407E-9916-741690E392F4}.Release|Any CPU.Build.0 = Release|Any CPU
		{728028C9-1A01-4057-8B9D-131A8F779B56}.Debug|Any CPU.ActiveCfg = Debug|Any CPU
		{728028C9-1A01-4057-8B9D-131A8F779B56}.Debug|Any CPU.Build.0 = Debug|Any CPU
		{728028C9-1A01-4057-8B9D-131A8F779B56}.Release|Any CPU.ActiveCfg = Release|Any CPU
		{728028C9-1A01-4057-8B9D-131A8F779B56}.Release|Any CPU.Build.0 = Release|Any CPU
		{1A060C1C-9910-42E8-8B82-F08A608E6F54}.Debug|Any CPU.ActiveCfg = Debug|Any CPU
		{1A060C1C-9910-42E8-8B82-F08A608E6F54}.Debug|Any CPU.Build.0 = Debug|Any CPU
		{1A060C1C-9910-42E8-8B82-F08A608E6F54}.Release|Any CPU.ActiveCfg = Release|Any CPU
		{1A060C1C-9910-42E8-8B82-F08A608E6F54}.Release|Any CPU.Build.0 = Release|Any CPU
		{AC4127FD-1156-4F62-AE1E-49E860189C92}.Debug|Any CPU.ActiveCfg = Debug|Any CPU
		{AC4127FD-1156-4F62-AE1E-49E860189C92}.Debug|Any CPU.Build.0 = Debug|Any CPU
		{AC4127FD-1156-4F62-AE1E-49E860189C92}.Release|Any CPU.ActiveCfg = Release|Any CPU
		{AC4127FD-1156-4F62-AE1E-49E860189C92}.Release|Any CPU.Build.0 = Release|Any CPU
		{EA14094F-FB55-5ABC-1402-B4229C4AD0B1}.Debug|Any CPU.ActiveCfg = Debug|Any CPU
		{EA14094F-FB55-5ABC-1402-B4229C4AD0B1}.Debug|Any CPU.Build.0 = Debug|Any CPU
		{EA14094F-FB55-5ABC-1402-B4229C4AD0B1}.Release|Any CPU.ActiveCfg = Release|Any CPU
		{EA14094F-FB55-5ABC-1402-B4229C4AD0B1}.Release|Any CPU.Build.0 = Release|Any CPU
		{20B566C1-342F-43AE-9124-B4E6BF359E04}.Debug|Any CPU.ActiveCfg = Debug|Any CPU
		{20B566C1-342F-43AE-9124-B4E6BF359E04}.Debug|Any CPU.Build.0 = Debug|Any CPU
		{20B566C1-342F-43AE-9124-B4E6BF359E04}.Release|Any CPU.ActiveCfg = Release|Any CPU
		{20B566C1-342F-43AE-9124-B4E6BF359E04}.Release|Any CPU.Build.0 = Release|Any CPU
		{F66ADF7F-F845-46B4-A90C-065B5732FFBF}.Debug|Any CPU.ActiveCfg = Debug|Any CPU
		{F66ADF7F-F845-46B4-A90C-065B5732FFBF}.Debug|Any CPU.Build.0 = Debug|Any CPU
		{F66ADF7F-F845-46B4-A90C-065B5732FFBF}.Release|Any CPU.ActiveCfg = Release|Any CPU
		{F66ADF7F-F845-46B4-A90C-065B5732FFBF}.Release|Any CPU.Build.0 = Release|Any CPU
		{15EAD515-19F2-4E85-8ED4-F8C2ADC6215A}.Debug|Any CPU.ActiveCfg = Debug|Any CPU
		{15EAD515-19F2-4E85-8ED4-F8C2ADC6215A}.Debug|Any CPU.Build.0 = Debug|Any CPU
		{15EAD515-19F2-4E85-8ED4-F8C2ADC6215A}.Release|Any CPU.ActiveCfg = Release|Any CPU
		{15EAD515-19F2-4E85-8ED4-F8C2ADC6215A}.Release|Any CPU.Build.0 = Release|Any CPU
		{2A1D8DA6-F839-4B23-953A-C9EA965AB4BF}.Debug|Any CPU.ActiveCfg = Debug|Any CPU
		{2A1D8DA6-F839-4B23-953A-C9EA965AB4BF}.Debug|Any CPU.Build.0 = Debug|Any CPU
		{2A1D8DA6-F839-4B23-953A-C9EA965AB4BF}.Release|Any CPU.ActiveCfg = Release|Any CPU
		{2A1D8DA6-F839-4B23-953A-C9EA965AB4BF}.Release|Any CPU.Build.0 = Release|Any CPU
		{A0A51C33-85B5-450F-AEA0-0EAA0BBC8D19}.Debug|Any CPU.ActiveCfg = Debug|Any CPU
		{A0A51C33-85B5-450F-AEA0-0EAA0BBC8D19}.Debug|Any CPU.Build.0 = Debug|Any CPU
		{A0A51C33-85B5-450F-AEA0-0EAA0BBC8D19}.Release|Any CPU.ActiveCfg = Release|Any CPU
		{A0A51C33-85B5-450F-AEA0-0EAA0BBC8D19}.Release|Any CPU.Build.0 = Release|Any CPU
	EndGlobalSection
	GlobalSection(SolutionProperties) = preSolution
		HideSolutionNode = FALSE
	EndGlobalSection
	GlobalSection(NestedProjects) = preSolution
		{519F2728-7091-4424-B509-50AE954024F8} = {02EA681E-C7D8-13C7-8484-4AC65E1B71E8}
		{9B634F95-9EA1-4AC4-9122-FD1B9DDFFE8C} = {519F2728-7091-4424-B509-50AE954024F8}
		{69B64D2D-1D8A-46EE-B0D3-049149C5F492} = {02EA681E-C7D8-13C7-8484-4AC65E1B71E8}
		{68E6B9FC-79F9-48BD-89C9-FB208DEA0BFD} = {69B64D2D-1D8A-46EE-B0D3-049149C5F492}
		{30799E64-681C-4FB8-921E-434E64EDA9D8} = {02EA681E-C7D8-13C7-8484-4AC65E1B71E8}
		{AD743E1C-5387-452C-8DC9-DACE1B7D72BF} = {30799E64-681C-4FB8-921E-434E64EDA9D8}
		{F70EB503-7937-4563-AE66-F351F9102767} = {30799E64-681C-4FB8-921E-434E64EDA9D8}
		{463C2CD2-B064-4E85-A0F5-58E80489AC1A} = {30799E64-681C-4FB8-921E-434E64EDA9D8}
		{20B4D874-BFE2-407E-9916-741690E392F4} = {AD743E1C-5387-452C-8DC9-DACE1B7D72BF}
		{728028C9-1A01-4057-8B9D-131A8F779B56} = {AD743E1C-5387-452C-8DC9-DACE1B7D72BF}
		{1A060C1C-9910-42E8-8B82-F08A608E6F54} = {F70EB503-7937-4563-AE66-F351F9102767}
		{AC4127FD-1156-4F62-AE1E-49E860189C92} = {463C2CD2-B064-4E85-A0F5-58E80489AC1A}
		{EA14094F-FB55-5ABC-1402-B4229C4AD0B1} = {1C65FB73-8A97-4D84-B775-368C9CBDC27F}
		{A97FDB6C-687D-4387-BDA5-801F1D782B15} = {02EA681E-C7D8-13C7-8484-4AC65E1B71E8}
		{20B566C1-342F-43AE-9124-B4E6BF359E04} = {A97FDB6C-687D-4387-BDA5-801F1D782B15}
		{F66ADF7F-F845-46B4-A90C-065B5732FFBF} = {A97FDB6C-687D-4387-BDA5-801F1D782B15}
		{15EAD515-19F2-4E85-8ED4-F8C2ADC6215A} = {A97FDB6C-687D-4387-BDA5-801F1D782B15}
		{2A1D8DA6-F839-4B23-953A-C9EA965AB4BF} = {A97FDB6C-687D-4387-BDA5-801F1D782B15}
		{A0A51C33-85B5-450F-AEA0-0EAA0BBC8D19} = {A97FDB6C-687D-4387-BDA5-801F1D782B15}
	EndGlobalSection
	GlobalSection(ExtensibilityGlobals) = postSolution
		SolutionGuid = {741CD97F-DED8-4D91-B164-6DF4C3B76AAC}
	EndGlobalSection
EndGlobal
